
Microsoft Visual Studio Solution File, Format Version 12.00
# Visual Studio Version 17
VisualStudioVersion = 17.13.35825.156 d17.13
MinimumVisualStudioVersion = 10.0.40219.1
Project("{FAE04EC0-301F-11D3-BF4B-00C04F79EFBC}") = "WpfApp_labo_StringZoekenBestand", "WpfApp_labo_StringZoekenBestand.csproj", "{5858CD3B-0158-4AF7-B0D2-F8CE446A314E}"
EndProject
Global
	GlobalSection(SolutionConfigurationPlatforms) = preSolution
		Debug|Any CPU = Debug|Any CPU
		Release|Any CPU = Release|Any CPU
	EndGlobalSection
	GlobalSection(ProjectConfigurationPlatforms) = postSolution
		{5858CD3B-0158-4AF7-B0D2-F8CE446A314E}.Debug|Any CPU.ActiveCfg = Debug|Any CPU
		{5858CD3B-0158-4AF7-B0D2-F8CE446A314E}.Debug|Any CPU.Build.0 = Debug|Any CPU
		{5858CD3B-0158-4AF7-B0D2-F8CE446A314E}.Release|Any CPU.ActiveCfg = Release|Any CPU
		{5858CD3B-0158-4AF7-B0D2-F8CE446A314E}.Release|Any CPU.Build.0 = Release|Any CPU
	EndGlobalSection
	GlobalSection(SolutionProperties) = preSolution
		HideSolutionNode = FALSE
	EndGlobalSection
	GlobalSection(ExtensibilityGlobals) = postSolution
		SolutionGuid = {2BA59624-050F-4813-BB5B-02B4BD0F96E7}
	EndGlobalSection
EndGlobal
